// !$*UTF8*$!
{
	archiveVersion = 1;
	classes = {
	};
	objectVersion = 46;
	objects = {

/* Begin PBXBuildFile section */
		83BB9D5C1D7D360C003A5650 /* AppDelegate.swift in Sources */ = {isa = PBXBuildFile; fileRef = 83BB9D5B1D7D360C003A5650 /* AppDelegate.swift */; };
		83BB9D611D7D360C003A5650 /* Main.storyboard in Resources */ = {isa = PBXBuildFile; fileRef = 83BB9D5F1D7D360C003A5650 /* Main.storyboard */; };
		83BB9D631D7D360C003A5650 /* Assets.xcassets in Resources */ = {isa = PBXBuildFile; fileRef = 83BB9D621D7D360C003A5650 /* Assets.xcassets */; };
		83BB9D661D7D360C003A5650 /* LaunchScreen.storyboard in Resources */ = {isa = PBXBuildFile; fileRef = 83BB9D641D7D360C003A5650 /* LaunchScreen.storyboard */; };
		83BB9D6E1D7D3DB4003A5650 /* MainTableViewController.swift in Sources */ = {isa = PBXBuildFile; fileRef = 83BB9D6D1D7D3DB4003A5650 /* MainTableViewController.swift */; };
		83BB9D731D7D4C2E003A5650 /* WiFiTableViewCell.swift in Sources */ = {isa = PBXBuildFile; fileRef = 83BB9D711D7D4C2E003A5650 /* WiFiTableViewCell.swift */; };
		83BB9D741D7D4C2E003A5650 /* WiFiTableViewCell.xib in Resources */ = {isa = PBXBuildFile; fileRef = 83BB9D721D7D4C2E003A5650 /* WiFiTableViewCell.xib */; };
/* End PBXBuildFile section */

/* Begin PBXFileReference section */
		83BB9D581D7D360C003A5650 /* StaticAndDynamicExample.app */ = {isa = PBXFileReference; explicitFileType = wrapper.application; includeInIndex = 0; path = StaticAndDynamicExample.app; sourceTree = BUILT_PRODUCTS_DIR; };
		83BB9D5B1D7D360C003A5650 /* AppDelegate.swift */ = {isa = PBXFileReference; lastKnownFileType = sourcecode.swift; path = AppDelegate.swift; sourceTree = "<group>"; };
		83BB9D601D7D360C003A5650 /* Base */ = {isa = PBXFileReference; lastKnownFileType = file.storyboard; name = Base; path = Base.lproj/Main.storyboard; sourceTree = "<group>"; };
		83BB9D621D7D360C003A5650 /* Assets.xcassets */ = {isa = PBXFileReference; lastKnownFileType = folder.assetcatalog; path = Assets.xcassets; sourceTree = "<group>"; };
		83BB9D651D7D360C003A5650 /* Base */ = {isa = PBXFileReference; lastKnownFileType = file.storyboard; name = Base; path = Base.lproj/LaunchScreen.storyboard; sourceTree = "<group>"; };
		83BB9D671D7D360C003A5650 /* Info.plist */ = {isa = PBXFileReference; lastKnownFileType = text.plist.xml; path = Info.plist; sourceTree = "<group>"; };
		83BB9D6D1D7D3DB4003A5650 /* MainTableViewController.swift */ = {isa = PBXFileReference; fileEncoding = 4; lastKnownFileType = sourcecode.swift; path = MainTableViewController.swift; sourceTree = "<group>"; };
		83BB9D711D7D4C2E003A5650 /* WiFiTableViewCell.swift */ = {isa = PBXFileReference; fileEncoding = 4; lastKnownFileType = sourcecode.swift; path = WiFiTableViewCell.swift; sourceTree = "<group>"; };
		83BB9D721D7D4C2E003A5650 /* WiFiTableViewCell.xib */ = {isa = PBXFileReference; fileEncoding = 4; lastKnownFileType = file.xib; path = WiFiTableViewCell.xib; sourceTree = "<group>"; };
/* End PBXFileReference section */

/* Begin PBXFrameworksBuildPhase section */
		83BB9D551D7D360C003A5650 /* Frameworks */ = {
			isa = PBXFrameworksBuildPhase;
			buildActionMask = 2147483647;
			files = (
			);
			runOnlyForDeploymentPostprocessing = 0;
		};
/* End PBXFrameworksBuildPhase section */

/* Begin PBXGroup section */
		83BB9D4F1D7D360C003A5650 = {
			isa = PBXGroup;
			children = (
				83BB9D5A1D7D360C003A5650 /* StaticAndDynamicExample */,
				83BB9D591D7D360C003A5650 /* Products */,
			);
			sourceTree = "<group>";
		};
		83BB9D591D7D360C003A5650 /* Products */ = {
			isa = PBXGroup;
			children = (
				83BB9D581D7D360C003A5650 /* StaticAndDynamicExample.app */,
			);
			name = Products;
			sourceTree = "<group>";
		};
		83BB9D5A1D7D360C003A5650 /* StaticAndDynamicExample */ = {
			isa = PBXGroup;
			children = (
				83BB9D5B1D7D360C003A5650 /* AppDelegate.swift */,
				83BB9D6D1D7D3DB4003A5650 /* MainTableViewController.swift */,
				83BB9D711D7D4C2E003A5650 /* WiFiTableViewCell.swift */,
				83BB9D721D7D4C2E003A5650 /* WiFiTableViewCell.xib */,
				83BB9D5F1D7D360C003A5650 /* Main.storyboard */,
				83BB9D621D7D360C003A5650 /* Assets.xcassets */,
				83BB9D641D7D360C003A5650 /* LaunchScreen.storyboard */,
				83BB9D671D7D360C003A5650 /* Info.plist */,
			);
			path = StaticAndDynamicExample;
			sourceTree = "<group>";
		};
/* End PBXGroup section */

/* Begin PBXNativeTarget section */
		83BB9D571D7D360C003A5650 /* StaticAndDynamicExample */ = {
			isa = PBXNativeTarget;
			buildConfigurationList = 83BB9D6A1D7D360C003A5650 /* Build configuration list for PBXNativeTarget "StaticAndDynamicExample" */;
			buildPhases = (
				83BB9D541D7D360C003A5650 /* Sources */,
				83BB9D551D7D360C003A5650 /* Frameworks */,
				83BB9D561D7D360C003A5650 /* Resources */,
			);
			buildRules = (
			);
			dependencies = (
			);
			name = StaticAndDynamicExample;
			productName = StaticAndDynamicExample;
			productReference = 83BB9D581D7D360C003A5650 /* StaticAndDynamicExample.app */;
			productType = "com.apple.product-type.application";
		};
/* End PBXNativeTarget section */

/* Begin PBXProject section */
		83BB9D501D7D360C003A5650 /* Project object */ = {
			isa = PBXProject;
			attributes = {
				LastSwiftUpdateCheck = 0730;
				LastUpgradeCheck = 0730;
				ORGANIZATIONNAME = Chakery;
				TargetAttributes = {
					83BB9D571D7D360C003A5650 = {
						CreatedOnToolsVersion = 7.3;
						DevelopmentTeam = 476N92MP39;
						LastSwiftMigration = 0810;
					};
				};
			};
			buildConfigurationList = 83BB9D531D7D360C003A5650 /* Build configuration list for PBXProject "StaticAndDynamicExample" */;
			compatibilityVersion = "Xcode 3.2";
			developmentRegion = English;
			hasScannedForEncodings = 0;
			knownRegions = (
				en,
				Base,
			);
			mainGroup = 83BB9D4F1D7D360C003A5650;
			productRefGroup = 83BB9D591D7D360C003A5650 /* Products */;
			projectDirPath = "";
			projectRoot = "";
			targets = (
				83BB9D571D7D360C003A5650 /* StaticAndDynamicExample */,
			);
		};
/* End PBXProject section */

/* Begin PBXResourcesBuildPhase section */
		83BB9D561D7D360C003A5650 /* Resources */ = {
			isa = PBXResourcesBuildPhase;
			buildActionMask = 2147483647;
			files = (
				83BB9D741D7D4C2E003A5650 /* WiFiTableViewCell.xib in Resources */,
				83BB9D661D7D360C003A5650 /* LaunchScreen.storyboard in Resources */,
				83BB9D631D7D360C003A5650 /* Assets.xcassets in Resources */,
				83BB9D611D7D360C003A5650 /* Main.storyboard in Resources */,
			);
			runOnlyForDeploymentPostprocessing = 0;
		};
/* End PBXResourcesBuildPhase section */

/* Begin PBXSourcesBuildPhase section */
		83BB9D541D7D360C003A5650 /* Sources */ = {
			isa = PBXSourcesBuildPhase;
			buildActionMask = 2147483647;
			files = (
				83BB9D731D7D4C2E003A5650 /* WiFiTableViewCell.swift in Sources */,
				83BB9D6E1D7D3DB4003A5650 /* MainTableViewController.swift in Sources */,
				83BB9D5C1D7D360C003A5650 /* AppDelegate.swift in Sources */,
			);
			runOnlyForDeploymentPostprocessing = 0;
		};
/* End PBXSourcesBuildPhase section */

/* Begin PBXVariantGroup section */
		83BB9D5F1D7D360C003A5650 /* Main.storyboard */ = {
			isa = PBXVariantGroup;
			children = (
				83BB9D601D7D360C003A5650 /* Base */,
			);
			name = Main.storyboard;
			sourceTree = "<group>";
		};
		83BB9D641D7D360C003A5650 /* LaunchScreen.storyboard */ = {
			isa = PBXVariantGroup;
			children = (
				83BB9D651D7D360C003A5650 /* Base */,
			);
			name = LaunchScreen.storyboard;
			sourceTree = "<group>";
		};
/* End PBXVariantGroup section */

/* Begin XCBuildConfiguration section */
		83BB9D681D7D360C003A5650 /* Debug */ = {
			isa = XCBuildConfiguration;
			buildSettings = {
				ALWAYS_SEARCH_USER_PATHS = NO;
				CLANG_ANALYZER_NONNULL = YES;
				CLANG_CXX_LANGUAGE_STANDARD = "gnu++0x";
				CLANG_CXX_LIBRARY = "libc++";
				CLANG_ENABLE_MODULES = YES;
				CLANG_ENABLE_OBJC_ARC = YES;
				CLANG_WARN_BOOL_CONVERSION = YES;
				CLANG_WARN_CONSTANT_CONVERSION = YES;
				CLANG_WARN_DIRECT_OBJC_ISA_USAGE = YES_ERROR;
				CLANG_WARN_EMPTY_BODY = YES;
				CLANG_WARN_ENUM_CONVERSION = YES;
				CLANG_WARN_INT_CONVERSION = YES;
				CLANG_WARN_OBJC_ROOT_CLASS = YES_ERROR;
				CLANG_WARN_UNREACHABLE_CODE = YES;
				CLANG_WARN__DUPLICATE_METHOD_MATCH = YES;
				"CODE_SIGN_IDENTITY[sdk=iphoneos*]" = "iPhone Developer";
				COPY_PHASE_STRIP = NO;
				DEBUG_INFORMATION_FORMAT = dwarf;
				ENABLE_STRICT_OBJC_MSGSEND = YES;
				ENABLE_TESTABILITY = YES;
				GCC_C_LANGUAGE_STANDARD = gnu99;
				GCC_DYNAMIC_NO_PIC = NO;
				GCC_NO_COMMON_BLOCKS = YES;
				GCC_OPTIMIZATION_LEVEL = 0;
				GCC_PREPROCESSOR_DEFINITIONS = (
					"DEBUG=1",
					"$(inherited)",
				);
				GCC_WARN_64_TO_32_BIT_CONVERSION = YES;
				GCC_WARN_ABOUT_RETURN_TYPE = YES_ERROR;
				GCC_WARN_UNDECLARED_SELECTOR = YES;
				GCC_WARN_UNINITIALIZED_AUTOS = YES_AGGRESSIVE;
				GCC_WARN_UNUSED_FUNCTION = YES;
				GCC_WARN_UNUSED_VARIABLE = YES;
				IPHONEOS_DEPLOYMENT_TARGET = 9.3;
				MTL_ENABLE_DEBUG_INFO = YES;
				ONLY_ACTIVE_ARCH = YES;
				SDKROOT = iphoneos;
				SWIFT_OPTIMIZATION_LEVEL = "-Onone";
				TARGETED_DEVICE_FAMILY = "1,2";
			};
			name = Debug;
		};
		83BB9D691D7D360C003A5650 /* Release */ = {
			isa = XCBuildConfiguration;
			buildSettings = {
				ALWAYS_SEARCH_USER_PATHS = NO;
				CLANG_ANALYZER_NONNULL = YES;
				CLANG_CXX_LANGUAGE_STANDARD = "gnu++0x";
				CLANG_CXX_LIBRARY = "libc++";
				CLANG_ENABLE_MODULES = YES;
				CLANG_ENABLE_OBJC_ARC = YES;
				CLANG_WARN_BOOL_CONVERSION = YES;
				CLANG_WARN_CONSTANT_CONVERSION = YES;
				CLANG_WARN_DIRECT_OBJC_ISA_USAGE = YES_ERROR;
				CLANG_WARN_EMPTY_BODY = YES;
				CLANG_WARN_ENUM_CONVERSION = YES;
				CLANG_WARN_INT_CONVERSION = YES;
				CLANG_WARN_OBJC_ROOT_CLASS = YES_ERROR;
				CLANG_WARN_UNREACHABLE_CODE = YES;
				CLANG_WARN__DUPLICATE_METHOD_MATCH = YES;
				"CODE_SIGN_IDENTITY[sdk=iphoneos*]" = "iPhone Developer";
				COPY_PHASE_STRIP = NO;
				DEBUG_INFORMATION_FORMAT = "dwarf-with-dsym";
				ENABLE_NS_ASSERTIONS = NO;
				ENABLE_STRICT_OBJC_MSGSEND = YES;
				GCC_C_LANGUAGE_STANDARD = gnu99;
				GCC_NO_COMMON_BLOCKS = YES;
				GCC_WARN_64_TO_32_BIT_CONVERSION = YES;
				GCC_WARN_ABOUT_RETURN_TYPE = YES_ERROR;
				GCC_WARN_UNDECLARED_SELECTOR = YES;
				GCC_WARN_UNINITIALIZED_AUTOS = YES_AGGRESSIVE;
				GCC_WARN_UNUSED_FUNCTION = YES;
				GCC_WARN_UNUSED_VARIABLE = YES;
				IPHONEOS_DEPLOYMENT_TARGET = 9.3;
				MTL_ENABLE_DEBUG_INFO = NO;
				SDKROOT = iphoneos;
				TARGETED_DEVICE_FAMILY = "1,2";
				VALIDATE_PRODUCT = YES;
			};
			name = Release;
		};
		83BB9D6B1D7D360C003A5650 /* Debug */ = {
			isa = XCBuildConfiguration;
			buildSettings = {
				ASSETCATALOG_COMPILER_APPICON_NAME = AppIcon;
				CODE_SIGN_IDENTITY = "iPhone Developer";
				INFOPLIST_FILE = StaticAndDynamicExample/Info.plist;
				LD_RUNPATH_SEARCH_PATHS = "$(inherited) @executable_path/Frameworks";
				PRODUCT_BUNDLE_IDENTIFIER = com.ccggyy.qq;
				PRODUCT_NAME = "$(TARGET_NAME)";
				SWIFT_VERSION = 3.0;
			};
			name = Debug;
		};
		83BB9D6C1D7D360C003A5650 /* Release */ = {
			isa = XCBuildConfiguration;
			buildSettings = {
				ASSETCATALOG_COMPILER_APPICON_NAME = AppIcon;
				CODE_SIGN_IDENTITY = "iPhone Developer";
				INFOPLIST_FILE = StaticAndDynamicExample/Info.plist;
				LD_RUNPATH_SEARCH_PATHS = "$(inherited) @executable_path/Frameworks";
				PRODUCT_BUNDLE_IDENTIFIER = com.ccggyy.qq;
				PRODUCT_NAME = "$(TARGET_NAME)";
				SWIFT_VERSION = 3.0;
			};
			name = Release;
		};
/* End XCBuildConfiguration section */

/* Begin XCConfigurationList section */
		83BB9D531D7D360C003A5650 /* Build configuration list for PBXProject "StaticAndDynamicExample" */ = {
			isa = XCConfigurationList;
			buildConfigurations = (
				83BB9D681D7D360C003A5650 /* Debug */,
				83BB9D691D7D360C003A5650 /* Release */,
			);
			defaultConfigurationIsVisible = 0;
			defaultConfigurationName = Release;
		};
		83BB9D6A1D7D360C003A5650 /* Build configuration list for PBXNativeTarget "StaticAndDynamicExample" */ = {
			isa = XCConfigurationList;
			buildConfigurations = (
				83BB9D6B1D7D360C003A5650 /* Debug */,
				83BB9D6C1D7D360C003A5650 /* Release */,
			);
			defaultConfigurationIsVisible = 0;
			defaultConfigurationName = Release;
		};
/* End XCConfigurationList section */
	};
	rootObject = 83BB9D501D7D360C003A5650 /* Project object */;
}
